
Microsoft Visual Studio Solution File, Format Version 12.00
# Visual Studio 15
VisualStudioVersion = 15.0.28307.421
MinimumVisualStudioVersion = 10.0.40219.1
Project("{2150E333-8FDC-42A3-9474-1A3956D46DE8}") = "WCF", "WCF", "{B99D7FFE-3E5E-4ED1-9D84-FC0C61C502B0}"
EndProject
Project("{FAE04EC0-301F-11D3-BF4B-00C04F79EFBC}") = "WcfServiceSample", "WcfServiceSample\WcfServiceSample.csproj", "{655B7209-8D2A-470F-9D9F-C3E4BE0E110C}"
EndProject
Project("{FAE04EC0-301F-11D3-BF4B-00C04F79EFBC}") = "WATest", "WATest\WATest.csproj", "{53964F80-A46D-4EBF-A6EA-A1F473D7B076}"
EndProject
Project("{2150E333-8FDC-42A3-9474-1A3956D46DE8}") = "Contracts", "Contracts", "{B366A7E6-F246-49AE-BF91-3BCEBEBCEE61}"
EndProject
Project("{2150E333-8FDC-42A3-9474-1A3956D46DE8}") = "Services", "Services", "{EB558F58-C70E-47FF-A3AE-C0AC3532CEB8}"
EndProject
Project("{FAE04EC0-301F-11D3-BF4B-00C04F79EFBC}") = "WA.Services.Account", "WA.Services.Account\WA.Services.Account.csproj", "{B10C8BE7-347A-4576-931C-DA19DDCCCBFF}"
EndProject
Project("{FAE04EC0-301F-11D3-BF4B-00C04F79EFBC}") = "WA.Services.Orders", "WA.Services.Orders\WA.Services.Orders.csproj", "{EDCC5503-0970-46F1-B9B9-452CBFE88BFB}"
EndProject
Project("{FAE04EC0-301F-11D3-BF4B-00C04F79EFBC}") = "WA.Host.Account", "WA.Host.Account\WA.Host.Account.csproj", "{6EEF27BF-88AD-43CB-ACC9-9095F70808D4}"
EndProject
Project("{FAE04EC0-301F-11D3-BF4B-00C04F79EFBC}") = "WA.Contracts.Account", "WA.Contracts.Account\WA.Contracts.Account.csproj", "{3B6CF44B-36DE-45DB-A196-F17B503A2887}"
EndProject
Project("{FAE04EC0-301F-11D3-BF4B-00C04F79EFBC}") = "WA.Contracts.Core", "WA.Contracts.Core\WA.Contracts.Core.csproj", "{B93C2154-4D45-413C-B4C2-6746ABD35915}"
EndProject
Project("{FAE04EC0-301F-11D3-BF4B-00C04F79EFBC}") = "WA.Contracts.Orders", "WA.Contracts.Orders\WA.Contracts.Orders.csproj", "{22695F2E-D1BD-4A9D-90CB-754C4763E8C4}"
EndProject
Project("{2150E333-8FDC-42A3-9474-1A3956D46DE8}") = "Host", "Host", "{4C512785-A900-46C7-970D-6C01CC077597}"
EndProject
Project("{FAE04EC0-301F-11D3-BF4B-00C04F79EFBC}") = "WA.Host.Core", "WA.Host.Core\WA.Host.Core.csproj", "{8BB8FCC4-D349-4523-81A8-4C62B1725B8E}"
EndProject
Global
	GlobalSection(SolutionConfigurationPlatforms) = preSolution
		Debug|Any CPU = Debug|Any CPU
		Release|Any CPU = Release|Any CPU
	EndGlobalSection
	GlobalSection(ProjectConfigurationPlatforms) = postSolution
		{655B7209-8D2A-470F-9D9F-C3E4BE0E110C}.Debug|Any CPU.ActiveCfg = Debug|Any CPU
		{655B7209-8D2A-470F-9D9F-C3E4BE0E110C}.Debug|Any CPU.Build.0 = Debug|Any CPU
		{655B7209-8D2A-470F-9D9F-C3E4BE0E110C}.Release|Any CPU.ActiveCfg = Release|Any CPU
		{655B7209-8D2A-470F-9D9F-C3E4BE0E110C}.Release|Any CPU.Build.0 = Release|Any CPU
		{53964F80-A46D-4EBF-A6EA-A1F473D7B076}.Debug|Any CPU.ActiveCfg = Debug|Any CPU
		{53964F80-A46D-4EBF-A6EA-A1F473D7B076}.Debug|Any CPU.Build.0 = Debug|Any CPU
		{53964F80-A46D-4EBF-A6EA-A1F473D7B076}.Release|Any CPU.ActiveCfg = Release|Any CPU
		{53964F80-A46D-4EBF-A6EA-A1F473D7B076}.Release|Any CPU.Build.0 = Release|Any CPU
		{B10C8BE7-347A-4576-931C-DA19DDCCCBFF}.Debug|Any CPU.ActiveCfg = Debug|Any CPU
		{B10C8BE7-347A-4576-931C-DA19DDCCCBFF}.Debug|Any CPU.Build.0 = Debug|Any CPU
		{B10C8BE7-347A-4576-931C-DA19DDCCCBFF}.Release|Any CPU.ActiveCfg = Release|Any CPU
		{B10C8BE7-347A-4576-931C-DA19DDCCCBFF}.Release|Any CPU.Build.0 = Release|Any CPU
		{EDCC5503-0970-46F1-B9B9-452CBFE88BFB}.Debug|Any CPU.ActiveCfg = Debug|Any CPU
		{EDCC5503-0970-46F1-B9B9-452CBFE88BFB}.Debug|Any CPU.Build.0 = Debug|Any CPU
		{EDCC5503-0970-46F1-B9B9-452CBFE88BFB}.Release|Any CPU.ActiveCfg = Release|Any CPU
		{EDCC5503-0970-46F1-B9B9-452CBFE88BFB}.Release|Any CPU.Build.0 = Release|Any CPU
		{6EEF27BF-88AD-43CB-ACC9-9095F70808D4}.Debug|Any CPU.ActiveCfg = Debug|Any CPU
		{6EEF27BF-88AD-43CB-ACC9-9095F70808D4}.Debug|Any CPU.Build.0 = Debug|Any CPU
		{6EEF27BF-88AD-43CB-ACC9-9095F70808D4}.Release|Any CPU.ActiveCfg = Release|Any CPU
		{6EEF27BF-88AD-43CB-ACC9-9095F70808D4}.Release|Any CPU.Build.0 = Release|Any CPU
		{3B6CF44B-36DE-45DB-A196-F17B503A2887}.Debug|Any CPU.ActiveCfg = Debug|Any CPU
		{3B6CF44B-36DE-45DB-A196-F17B503A2887}.Debug|Any CPU.Build.0 = Debug|Any CPU
		{3B6CF44B-36DE-45DB-A196-F17B503A2887}.Release|Any CPU.ActiveCfg = Release|Any CPU
		{3B6CF44B-36DE-45DB-A196-F17B503A2887}.Release|Any CPU.Build.0 = Release|Any CPU
		{B93C2154-4D45-413C-B4C2-6746ABD35915}.Debug|Any CPU.ActiveCfg = Debug|Any CPU
		{B93C2154-4D45-413C-B4C2-6746ABD35915}.Debug|Any CPU.Build.0 = Debug|Any CPU
		{B93C2154-4D45-413C-B4C2-6746ABD35915}.Release|Any CPU.ActiveCfg = Release|Any CPU
		{B93C2154-4D45-413C-B4C2-6746ABD35915}.Release|Any CPU.Build.0 = Release|Any CPU
		{22695F2E-D1BD-4A9D-90CB-754C4763E8C4}.Debug|Any CPU.ActiveCfg = Debug|Any CPU
		{22695F2E-D1BD-4A9D-90CB-754C4763E8C4}.Debug|Any CPU.Build.0 = Debug|Any CPU
		{22695F2E-D1BD-4A9D-90CB-754C4763E8C4}.Release|Any CPU.ActiveCfg = Release|Any CPU
		{22695F2E-D1BD-4A9D-90CB-754C4763E8C4}.Release|Any CPU.Build.0 = Release|Any CPU
		{8BB8FCC4-D349-4523-81A8-4C62B1725B8E}.Debug|Any CPU.ActiveCfg = Debug|Any CPU
		{8BB8FCC4-D349-4523-81A8-4C62B1725B8E}.Debug|Any CPU.Build.0 = Debug|Any CPU
		{8BB8FCC4-D349-4523-81A8-4C62B1725B8E}.Release|Any CPU.ActiveCfg = Release|Any CPU
		{8BB8FCC4-D349-4523-81A8-4C62B1725B8E}.Release|Any CPU.Build.0 = Release|Any CPU
	EndGlobalSection
	GlobalSection(SolutionProperties) = preSolution
		HideSolutionNode = FALSE
	EndGlobalSection
	GlobalSection(NestedProjects) = preSolution
		{655B7209-8D2A-470F-9D9F-C3E4BE0E110C} = {B99D7FFE-3E5E-4ED1-9D84-FC0C61C502B0}
		{53964F80-A46D-4EBF-A6EA-A1F473D7B076} = {B99D7FFE-3E5E-4ED1-9D84-FC0C61C502B0}
		{B10C8BE7-347A-4576-931C-DA19DDCCCBFF} = {EB558F58-C70E-47FF-A3AE-C0AC3532CEB8}
		{EDCC5503-0970-46F1-B9B9-452CBFE88BFB} = {EB558F58-C70E-47FF-A3AE-C0AC3532CEB8}
		{6EEF27BF-88AD-43CB-ACC9-9095F70808D4} = {4C512785-A900-46C7-970D-6C01CC077597}
		{3B6CF44B-36DE-45DB-A196-F17B503A2887} = {B366A7E6-F246-49AE-BF91-3BCEBEBCEE61}
		{B93C2154-4D45-413C-B4C2-6746ABD35915} = {B366A7E6-F246-49AE-BF91-3BCEBEBCEE61}
		{22695F2E-D1BD-4A9D-90CB-754C4763E8C4} = {B366A7E6-F246-49AE-BF91-3BCEBEBCEE61}
		{8BB8FCC4-D349-4523-81A8-4C62B1725B8E} = {4C512785-A900-46C7-970D-6C01CC077597}
	EndGlobalSection
	GlobalSection(ExtensibilityGlobals) = postSolution
		SolutionGuid = {29DC8625-80EB-405B-B1CA-9CC4F7138BD8}
	EndGlobalSection
EndGlobal
